metadata:
  content_hash:
    osx-arm64: e90c2ee71ad70fc0a1c8302029533a7d1498f2bffcd0eaa8d2934700e775dc1d
  channels:
  - url: https://conda.anaconda.org/conda-forge/
    used_env_vars: []
  platforms:
  - osx-arm64
  sources: []
  time_metadata: null
  git_metadata: null
  inputs_metadata: null
  custom_metadata: null
package:
- name: brotli-python
  version: 1.1.0
  manager: conda
  platform: osx-arm64
  dependencies:
    libcxx: '>=15.0.7'
    python: '>=3.11,<3.12.0a0 *_cpython'
    python_abi: 3.11.* *_cp311
  url: https://conda.anaconda.org/conda-forge/osx-arm64/brotli-python-1.1.0-py311ha891d26_0.conda
  hash:
    md5: 8ab1a5a35a742dee94bf2b0430c0dbcb
    sha256: 2bced25ede07478bc6648aee501fbf49d00ecf129a4479da27e28d216d523de2
  optional: false
  category: main
  build: py311ha891d26_0
  arch: aarch64
  subdir: osx-arm64
  build_number: 0
  constrains:
  - libbrotlicommon 1.1.0 hb547adb_0
  license: MIT
  license_family: MIT
  size: 343295
  timestamp: 1693584576483
- name: build
  version: 0.7.0
  manager: conda
  platform: osx-arm64
  dependencies:
    importlib-metadata: '*'
    packaging: '*'
    pep517: '>=0.9.1'
    python: '>=3.6'
    tomli: '*'
  url: https://conda.anaconda.org/conda-forge/noarch/build-0.7.0-pyhd8ed1ab_0.tar.bz2
  hash:
    md5: add7f31586d03678695b32b78a1337a1
    sha256: 44e2d3270209d1f10b8adec2a159699ed66914e851ec34775902e856ea04afeb
  optional: false
  category: main
  build: pyhd8ed1ab_0
  arch: aarch64
  subdir: osx-arm64
  build_number: 0
  license: MIT
  license_family: MIT
  noarch: python
  size: 17759
  timestamp: 1631843776429
- name: bzip2
  version: 1.0.8
  manager: conda
  platform: osx-arm64
  dependencies: {}
  url: https://conda.anaconda.org/conda-forge/osx-arm64/bzip2-1.0.8-h3422bc3_4.tar.bz2
  hash:
    md5: fc76ace7b94fb1f694988ab1b14dd248
    sha256: a3efbd06ad1432edb0163c48225421f34c2660f5cc002283a8d27e791320b549
  optional: false
  category: main
  build: h3422bc3_4
  arch: aarch64
  subdir: osx-arm64
  build_number: 4
  license: bzip2-1.0.6
  license_family: BSD
  size: 151850
  timestamp: 1618862645215
- name: ca-certificates
  version: 2023.7.22
  manager: conda
  platform: osx-arm64
  dependencies: {}
  url: https://conda.anaconda.org/conda-forge/osx-arm64/ca-certificates-2023.7.22-hf0a4a13_0.conda
  hash:
    md5: e1b99ac4dbcee71a71682996f67f7965
    sha256: b220c001b0c1448a47cc49b42a622e06a540ec60b3f7a1e057fca1f37ce515e4
  optional: false
  category: main
  build: hf0a4a13_0
  arch: aarch64
  subdir: osx-arm64
  build_number: 0
  license: ISC
  size: 149918
  timestamp: 1690026385821
- name: certifi
  version: 2023.7.22
  manager: conda
  platform: osx-arm64
  dependencies:
    python: '>=3.7'
  url: https://conda.anaconda.org/conda-forge/noarch/certifi-2023.7.22-pyhd8ed1ab_0.conda
  hash:
    md5: 7f3dbc9179b4dde7da98dfb151d0ad22
    sha256: db66e31866ff4250c190788769e3a8a1709237c3e9c38d7143aae95ab75fcb31
  optional: false
  category: main
  build: pyhd8ed1ab_0
  arch: aarch64
  subdir: osx-arm64
  build_number: 0
  license: ISC
  noarch: python
  size: 153791
  timestamp: 1690024617757
- name: cffi
  version: 1.15.1
  manager: conda
  platform: osx-arm64
  dependencies:
    libffi: '>=3.4,<4.0a0'
    pycparser: '*'
    python: '>=3.11,<3.12.0a0 *_cpython'
    python_abi: 3.11.* *_cp311
  url: https://conda.anaconda.org/conda-forge/osx-arm64/cffi-1.15.1-py311hae827db_3.conda
  hash:
    md5: bb7a416f8871a6cf6ddec76450d6cf7b
    sha256: 28bf7f7c1ded35d270660183990056b6192e3fe06eaebb1043fd4b97ccea2b98
  optional: false
  category: main
  build: py311hae827db_3
  arch: aarch64
  subdir: osx-arm64
  build_number: 3
  license: MIT
  license_family: MIT
  size: 278614
  timestamp: 1671179791632
- name: charset-normalizer
  version: 3.2.0
  manager: conda
  platform: osx-arm64
  dependencies:
    python: '>=3.7'
  url: https://conda.anaconda.org/conda-forge/noarch/charset-normalizer-3.2.0-pyhd8ed1ab_0.conda
  hash:
    md5: 313516e9a4b08b12dfb1e1cd390a96e3
    sha256: 0666a95fbbd2299008162e2126c009191e5953d1cad1878bf9f4d8d634af1dd4
  optional: false
  category: main
  build: pyhd8ed1ab_0
  arch: aarch64
  subdir: osx-arm64
  build_number: 0
  license: MIT
  license_family: MIT
  noarch: python
  size: 45686
  timestamp: 1688813585878
- name: cmarkgfm
  version: 0.8.0
  manager: conda
  platform: osx-arm64
  dependencies:
    cffi: '>=1.0.0'
    python: '>=3.11,<3.12.0a0 *_cpython'
    python_abi: 3.11.* *_cp311
  url: https://conda.anaconda.org/conda-forge/osx-arm64/cmarkgfm-0.8.0-py311he2be06e_2.tar.bz2
  hash:
    md5: 58e73f320125ea0f607cb27f0703e398
    sha256: de8527b0909164dc8cf7772daf673dc20fb3de6dcb51544632448c984bbef3e1
  optional: false
  category: main
  build: py311he2be06e_2
  arch: aarch64
  subdir: osx-arm64
  build_number: 2
  license: MIT
  license_family: MIT
  size: 125369
  timestamp: 1666865949929
- name: docutils
  version: 0.20.1
  manager: conda
  platform: osx-arm64
  dependencies:
    python: '>=3.11,<3.12.0a0 *_cpython'
    python_abi: 3.11.* *_cp311
  url: https://conda.anaconda.org/conda-forge/osx-arm64/docutils-0.20.1-py311h267d04e_1.conda
  hash:
    md5: 9095d8f890e490e757d04c6da820c580
    sha256: 30209a8dfd391015a553df9d79436d1a7993e4c6cb86b30c3c0a0208493c98b6
  optional: false
  category: main
  build: py311h267d04e_1
  arch: aarch64
  subdir: osx-arm64
  build_number: 1
  license: LicenseRef-Public-Domain-Dedictation AND BSD-3-Clause AND BSD-2-Clause AND LicenseRef-PSF-2.1.1
  size: 922111
  timestamp: 1694623391575
- name: idna
  version: '3.4'
  manager: conda
  platform: osx-arm64
  dependencies:
    python: '>=3.6'
  url: https://conda.anaconda.org/conda-forge/noarch/idna-3.4-pyhd8ed1ab_0.tar.bz2
  hash:
    md5: 34272b248891bddccc64479f9a7fffed
    sha256: 9887c35c374ec1847f167292d3fde023cb4c994a4ceeec283072b95440131f09
  optional: false
  category: main
  build: pyhd8ed1ab_0
  arch: aarch64
  subdir: osx-arm64
  build_number: 0
  license: BSD-3-Clause
  license_family: BSD
  noarch: python
  size: 56742
  timestamp: 1663625484114
- name: importlib-metadata
  version: 6.8.0
  manager: conda
  platform: osx-arm64
  dependencies:
    python: '>=3.8'
    zipp: '>=0.5'
  url: https://conda.anaconda.org/conda-forge/noarch/importlib-metadata-6.8.0-pyha770c72_0.conda
  hash:
    md5: 4e9f59a060c3be52bc4ddc46ee9b6946
    sha256: 2797ed927d65324309b6c630190d917b9f2111e0c217b721f80429aeb57f9fcf
  optional: false
  category: main
  build: pyha770c72_0
  arch: aarch64
  subdir: osx-arm64
  build_number: 0
  license: Apache-2.0
  license_family: APACHE
  noarch: python
  size: 25910
  timestamp: 1688754651944
- name: importlib_metadata
  version: 6.8.0
  manager: conda
  platform: osx-arm64
  dependencies:
    importlib-metadata: '>=6.8.0,<6.8.1.0a0'
  url: https://conda.anaconda.org/conda-forge/noarch/importlib_metadata-6.8.0-hd8ed1ab_0.conda
  hash:
    md5: b279b07ce18058034e5b3606ba103a8b
    sha256: b96e01dc42d547d6d9ceb1c5b52a5232cc04e40153534350f702c3e0418a6b3f
  optional: false
  category: main
  build: hd8ed1ab_0
  arch: aarch64
  subdir: osx-arm64
  build_number: 0
  license: Apache-2.0
  license_family: APACHE
  noarch: generic
  size: 9428
  timestamp: 1688754660209
- name: jaraco.classes
  version: 3.3.0
  manager: conda
  platform: osx-arm64
  dependencies:
    more-itertools: '*'
    python: '>=3.7'
  url: https://conda.anaconda.org/conda-forge/noarch/jaraco.classes-3.3.0-pyhd8ed1ab_0.conda
  hash:
    md5: e9f79248d30e942f7c358ff21a1790f5
    sha256: 14f5240c3834e1b784dd41a5a14392d9150dff62a74ae851f73e65d2e2bbd891
  optional: false
  category: main
  build: pyhd8ed1ab_0
  arch: aarch64
  subdir: osx-arm64
  build_number: 0
  license: MIT
  license_family: MIT
  noarch: python
  size: 11288
  timestamp: 1689112573324
- name: keyring
  version: 24.2.0
  manager: conda
  platform: osx-arm64
  dependencies:
    importlib_metadata: '>=4.11.4'
    jaraco.classes: '*'
    python: '>=3.11,<3.12.0a0 *_cpython'
    python_abi: 3.11.* *_cp311
  url: https://conda.anaconda.org/conda-forge/osx-arm64/keyring-24.2.0-py311h267d04e_0.conda
  hash:
    md5: 750d8502144296ed68c9f7589735c25d
    sha256: 46ef6b8097aa21ba38f0d8c0274193d265ce5206b723d10451c092a5c055eba2
  optional: false
  category: main
  build: py311h267d04e_0
  arch: aarch64
  subdir: osx-arm64
  build_number: 0
  license: MIT
  license_family: MIT
  size: 78381
  timestamp: 1687713110479
- name: libcxx
  version: 16.0.6
  manager: conda
  platform: osx-arm64
  dependencies: {}
  url: https://conda.anaconda.org/conda-forge/osx-arm64/libcxx-16.0.6-h4653b0c_0.conda
  hash:
    md5: 9d7d724faf0413bf1dbc5a85935700c8
    sha256: 11d3fb51c14832d9e4f6d84080a375dec21ea8a3a381a1910e67ff9cedc20355
  optional: false
  category: main
  build: h4653b0c_0
  arch: aarch64
  subdir: osx-arm64
  build_number: 0
  license: Apache-2.0 WITH LLVM-exception
  license_family: Apache
  size: 1160232
  timestamp: 1686896993785
- name: libexpat
  version: 2.5.0
  manager: conda
  platform: osx-arm64
  dependencies: {}
  url: https://conda.anaconda.org/conda-forge/osx-arm64/libexpat-2.5.0-hb7217d7_1.conda
  hash:
    md5: 5a097ad3d17e42c148c9566280481317
    sha256: 7d143a9c991579ad4207f84c632650a571c66329090daa32b3c87cf7311c3381
  optional: false
  category: main
  build: hb7217d7_1
  arch: aarch64
  subdir: osx-arm64
  build_number: 1
  constrains:
  - expat 2.5.0.*
  license: MIT
  license_family: MIT
  size: 63442
  timestamp: 1680190916539
- name: libffi
  version: 3.4.2
  manager: conda
  platform: osx-arm64
  dependencies: {}
  url: https://conda.anaconda.org/conda-forge/osx-arm64/libffi-3.4.2-h3422bc3_5.tar.bz2
  hash:
    md5: 086914b672be056eb70fd4285b6783b6
    sha256: 41b3d13efb775e340e4dba549ab5c029611ea6918703096b2eaa9c015c0750ca
  optional: false
  category: main
  build: h3422bc3_5
  arch: aarch64
  subdir: osx-arm64
  build_number: 5
  license: MIT
  license_family: MIT
  size: 39020
  timestamp: 1636488587153
- name: libsqlite
  version: 3.43.0
  manager: conda
  platform: osx-arm64
  dependencies:
    libzlib: '>=1.2.13,<1.3.0a0'
  url: https://conda.anaconda.org/conda-forge/osx-arm64/libsqlite-3.43.0-hb31c410_0.conda
  hash:
    md5: 060a9948665e56a38060a1ed3ebc553a
    sha256: ddc90cc7a33563cd1f2b179a4964d144c221f9148634c006fd83ec9e1c667907
  optional: false
  category: main
  build: hb31c410_0
  arch: aarch64
  subdir: osx-arm64
  build_number: 0
  license: Unlicense
  size: 834286
  timestamp: 1692911796861
- name: libzlib
  version: 1.2.13
  manager: conda
  platform: osx-arm64
  dependencies: {}
  url: https://conda.anaconda.org/conda-forge/osx-arm64/libzlib-1.2.13-h53f4e23_5.conda
  hash:
    md5: 1a47f5236db2e06a320ffa0392f81bd8
    sha256: ab1c8aefa2d54322a63aaeeefe9cf877411851738616c4068e0dccc66b9c758a
  optional: false
  category: main
  build: h53f4e23_5
  arch: aarch64
  subdir: osx-arm64
  build_number: 5
  constrains:
  - zlib 1.2.13 *_5
  license: Zlib
  license_family: Other
  size: 48102
  timestamp: 1686575426584
- name: markdown-it-py
  version: 3.0.0
  manager: conda
  platform: osx-arm64
  dependencies:
    mdurl: '>=0.1,<1'
    python: '>=3.8'
  url: https://conda.anaconda.org/conda-forge/noarch/markdown-it-py-3.0.0-pyhd8ed1ab_0.conda
  hash:
    md5: 93a8e71256479c62074356ef6ebf501b
    sha256: c041b0eaf7a6af3344d5dd452815cdc148d6284fec25a4fa3f4263b3a021e962
  optional: false
  category: main
  build: pyhd8ed1ab_0
  arch: aarch64
  subdir: osx-arm64
  build_number: 0
  license: MIT
  license_family: MIT
  noarch: python
  size: 64356
  timestamp: 1686175179621
- name: mdurl
  version: 0.1.0
  manager: conda
  platform: osx-arm64
  dependencies:
    python: '>=3.6'
  url: https://conda.anaconda.org/conda-forge/noarch/mdurl-0.1.0-pyhd8ed1ab_0.tar.bz2
  hash:
    md5: f8dab71fdc13b1bf29a01248b156d268
    sha256: c678b9194e025b1fb665bec30ee20aab93399203583875b1dcc0a3b52a8f5523
  optional: false
  category: main
  build: pyhd8ed1ab_0
  arch: aarch64
  subdir: osx-arm64
  build_number: 0
  license: MIT
  license_family: MIT
  noarch: python
  size: 13707
  timestamp: 1639515992326
- name: more-itertools
  version: 10.1.0
  manager: conda
  platform: osx-arm64
  dependencies:
    python: '>=3.8'
  url: https://conda.anaconda.org/conda-forge/noarch/more-itertools-10.1.0-pyhd8ed1ab_0.conda
  hash:
    md5: 8549fafed0351bbfaa1ddaa15fdf9b4e
    sha256: 07ce65497dec537e490992758934ddbc4fb5ed9285b41387a7cca966f1a98a0f
  optional: false
  category: main
  build: pyhd8ed1ab_0
  arch: aarch64
  subdir: osx-arm64
  build_number: 0
  license: MIT
  license_family: MIT
  noarch: python
  size: 53654
  timestamp: 1691087125209
- name: ncurses
  version: '6.4'
  manager: conda
  platform: osx-arm64
  dependencies: {}
  url: https://conda.anaconda.org/conda-forge/osx-arm64/ncurses-6.4-h7ea286d_0.conda
  hash:
    md5: 318337fb9d0c53ba635efb7888242373
    sha256: 017e230a1f912e15005d4c4f3d387119190b53240f9ae0ba8a319dd958901780
  optional: false
  category: main
  build: h7ea286d_0
  arch: aarch64
  subdir: osx-arm64
  build_number: 0
  license: X11 AND BSD-3-Clause
  size: 799196
  timestamp: 1686077139703
- name: nh3
  version: 0.2.14
  manager: conda
  platform: osx-arm64
  dependencies:
    python: '>=3.11,<3.12.0a0 *_cpython'
    python_abi: 3.11.* *_cp311
  url: https://conda.anaconda.org/conda-forge/osx-arm64/nh3-0.2.14-py311h0563b04_0.conda
  hash:
    md5: 9c695c354b6ff96975b57280d7723562
    sha256: b7d713a3fac4b7971d5c7fa16120382af41e6128086be1dec80987504eaefe8c
  optional: false
  category: main
  build: py311h0563b04_0
  arch: aarch64
  subdir: osx-arm64
  build_number: 0
  license: MIT
  license_family: MIT
  size: 609852
  timestamp: 1694297309660
- name: openssl
  version: 3.1.2
  manager: conda
  platform: osx-arm64
  dependencies:
    ca-certificates: '*'
  url: https://conda.anaconda.org/conda-forge/osx-arm64/openssl-3.1.2-h53f4e23_0.conda
  hash:
    md5: d6c950611370a5a9757a98365449e89f
    sha256: e9133f97df141470d887ef6dff9a9017b2aa3e6fc65ecc2ecc157d3fdb5f123a
  optional: false
  category: main
  build: h53f4e23_0
  arch: aarch64
  subdir: osx-arm64
  build_number: 0
  constrains:
  - pyopenssl >=22.1
  license: Apache-2.0
  license_family: Apache
  size: 2225022
  timestamp: 1690948979657
- name: packaging
  version: '23.1'
  manager: conda
  platform: osx-arm64
  dependencies:
    python: '>=3.7'
  url: https://conda.anaconda.org/conda-forge/noarch/packaging-23.1-pyhd8ed1ab_0.conda
  hash:
    md5: 91cda59e66e1e4afe9476f8ef98f5c30
    sha256: ded536a96a00d45a693dbc2971bb688248324dadd129eddda2100e177583d768
  optional: false
  category: main
  build: pyhd8ed1ab_0
  arch: aarch64
  subdir: osx-arm64
  build_number: 0
  license: Apache-2.0
  license_family: APACHE
  noarch: python
  size: 46098
  timestamp: 1681337144376
- name: pep517
  version: 0.13.0
  manager: conda
  platform: osx-arm64
  dependencies:
    python: '>=3.8'
    tomli: '*'
  url: https://conda.anaconda.org/conda-forge/noarch/pep517-0.13.0-pyhd8ed1ab_0.tar.bz2
  hash:
    md5: d94aa03d99d8adc9898f783eba0d84d2
    sha256: 6a6f2fa6bc9106b2edcccc142242dc3ab1f2f77a6debbd5b480f08482f052636
  optional: false
  category: main
  build: pyhd8ed1ab_0
  arch: aarch64
  subdir: osx-arm64
  build_number: 0
  license: MIT
  license_family: MIT
  noarch: python
  size: 19044
  timestamp: 1667916747996
- name: pkginfo
  version: 1.9.6
  manager: conda
  platform: osx-arm64
  dependencies:
    python: '>=3.6'
  url: https://conda.anaconda.org/conda-forge/noarch/pkginfo-1.9.6-pyhd8ed1ab_0.conda
  hash:
    md5: be1e9f1c65a1ed0f2ae9352fec99db64
    sha256: 7ea5a5af62a15376d9f4f9f3c134874d0b0710f39be719e849b7fa9ca8870502
  optional: false
  category: main
  build: pyhd8ed1ab_0
  arch: aarch64
  subdir: osx-arm64
  build_number: 0
  license: MIT
  license_family: MIT
  noarch: python
  size: 27646
  timestamp: 1673281872032
- name: pycparser
  version: '2.21'
  manager: conda
  platform: osx-arm64
  dependencies:
    python: 2.7.*|>=3.4
  url: https://conda.anaconda.org/conda-forge/noarch/pycparser-2.21-pyhd8ed1ab_0.tar.bz2
  hash:
    md5: 076becd9e05608f8dc72757d5f3a91ff
    sha256: 74c63fd03f1f1ea2b54e8bc529fd1a600aaafb24027b738d0db87909ee3a33dc
  optional: false
  category: main
  build: pyhd8ed1ab_0
  arch: aarch64
  subdir: osx-arm64
  build_number: 0
  license: BSD-3-Clause
  license_family: BSD
  noarch: python
  size: 102747
  timestamp: 1636257201998
- name: pygments
  version: 2.16.1
  manager: conda
  platform: osx-arm64
  dependencies:
    python: '>=3.7'
  url: https://conda.anaconda.org/conda-forge/noarch/pygments-2.16.1-pyhd8ed1ab_0.conda
  hash:
    md5: 40e5cb18165466773619e5c963f00a7b
    sha256: 3f0f0fadc6084960ec8cc00a32a03529c562ffea3b527eb73b1653183daad389
  optional: false
  category: main
  build: pyhd8ed1ab_0
  arch: aarch64
  subdir: osx-arm64
  build_number: 0
  license: BSD-2-Clause
  license_family: BSD
  noarch: python
  size: 853439
  timestamp: 1691408777841
- name: pysocks
  version: 1.7.1
  manager: conda
  platform: osx-arm64
  dependencies:
    __unix: '*'
    python: '>=3.8'
  url: https://conda.anaconda.org/conda-forge/noarch/pysocks-1.7.1-pyha2e5f31_6.tar.bz2
  hash:
    md5: 2a7de29fb590ca14b5243c4c812c8025
    sha256: a42f826e958a8d22e65b3394f437af7332610e43ee313393d1cf143f0a2d274b
  optional: false
  category: main
  build: pyha2e5f31_6
  arch: aarch64
  subdir: osx-arm64
  build_number: 6
  license: BSD-3-Clause
  license_family: BSD
  noarch: python
  size: 18981
  timestamp: 1661604969727
- name: python
  version: 3.11.5
  manager: conda
  platform: osx-arm64
  dependencies:
    bzip2: '>=1.0.8,<2.0a0'
    libexpat: '>=2.5.0,<3.0a0'
    libffi: '>=3.4,<4.0a0'
    libsqlite: '>=3.43.0,<4.0a0'
    libzlib: '>=1.2.13,<1.3.0a0'
    ncurses: '>=6.4,<7.0a0'
    openssl: '>=3.1.2,<4.0a0'
    readline: '>=8.2,<9.0a0'
    tk: '>=8.6.12,<8.7.0a0'
    tzdata: '*'
    xz: '>=5.2.6,<6.0a0'
  url: https://conda.anaconda.org/conda-forge/osx-arm64/python-3.11.5-h47c9636_0_cpython.conda
  hash:
    md5: fd82b5333e97ff5f27f54acd01cf9c05
    sha256: 017813865e997ce4862d101f8c4c6d9e1d310f0ba3ddc30a46d5a4b32fb272bf
  optional: false
  category: main
  build: h47c9636_0_cpython
  arch: aarch64
  subdir: osx-arm64
  build_number: 0
  constrains:
  - python_abi 3.11.* *_cp311
  license: Python-2.0
  size: 14702885
  timestamp: 1693107521985
- name: python_abi
  version: '3.11'
  manager: conda
  platform: osx-arm64
  dependencies: {}
  url: https://conda.anaconda.org/conda-forge/osx-arm64/python_abi-3.11-3_cp311.conda
  hash:
    md5: e1586496f8acd1c9293019ab14dbde9d
    sha256: cd2bad56c398e77b7f559314c29dd54e9eeb842896ff1de5078ed3192e5e14a6
  optional: false
  category: main
  build: 3_cp311
  arch: aarch64
  subdir: osx-arm64
  build_number: 3
  constrains:
  - python 3.11.* *_cpython
  license: BSD-3-Clause
  license_family: BSD
  size: 5768
  timestamp: 1669071844807
- name: readline
  version: '8.2'
  manager: conda
  platform: osx-arm64
  dependencies:
    ncurses: '>=6.3,<7.0a0'
  url: https://conda.anaconda.org/conda-forge/osx-arm64/readline-8.2-h92ec313_1.conda
  hash:
    md5: 8cbb776a2f641b943d413b3e19df71f4
    sha256: a1dfa679ac3f6007362386576a704ad2d0d7a02e98f5d0b115f207a2da63e884
  optional: false
  category: main
  build: h92ec313_1
  arch: aarch64
  subdir: osx-arm64
  build_number: 1
  license: GPL-3.0-only
  license_family: GPL
  size: 250351
  timestamp: 1679532511311
- name: readme_renderer
  version: '42.0'
  manager: conda
  platform: osx-arm64
  dependencies:
    cmarkgfm: '>=0.8.0'
    docutils: '>=0.13.1'
    nh3: '>=0.2.14'
    pygments: '>=2.5.1'
    python: '>=3.8'
  url: https://conda.anaconda.org/conda-forge/noarch/readme_renderer-42.0-pyhd8ed1ab_0.conda
  hash:
    md5: fdc16f5dc3a911d8f43f64f814a45961
    sha256: 61e03765ebdb168fc8747e8183db4067b55888c89d59e0f4f53b5b4046846cda
  optional: false
  category: main
  build: pyhd8ed1ab_0
  arch: aarch64
  subdir: osx-arm64
  build_number: 0
  license: Apache-2.0
  license_family: APACHE
  noarch: python
  size: 17373
  timestamp: 1694242843889
- name: requests
  version: 2.31.0
  manager: conda
  platform: osx-arm64
  dependencies:
    certifi: '>=2017.4.17'
    charset-normalizer: '>=2,<4'
    idna: '>=2.5,<4'
    python: '>=3.7'
    urllib3: '>=1.21.1,<3'
  url: https://conda.anaconda.org/conda-forge/noarch/requests-2.31.0-pyhd8ed1ab_0.conda
  hash:
    md5: a30144e4156cdbb236f99ebb49828f8b
    sha256: 9f629d6fd3c8ac5f2a198639fe7af87c4db2ac9235279164bfe0fcb49d8c4bad
  optional: false
  category: main
  build: pyhd8ed1ab_0
  arch: aarch64
  subdir: osx-arm64
  build_number: 0
  constrains:
  - chardet >=3.0.2,<6
  license: Apache-2.0
  license_family: APACHE
  noarch: python
  size: 56690
  timestamp: 1684774408600
- name: requests-toolbelt
  version: 1.0.0
  manager: conda
  platform: osx-arm64
  dependencies:
    python: '>=3.6'
    requests: '>=2.0.1,<3.0.0'
  url: https://conda.anaconda.org/conda-forge/noarch/requests-toolbelt-1.0.0-pyhd8ed1ab_0.conda
  hash:
    md5: 99c98318c8646b08cc764f90ce98906e
    sha256: 20eaefc5dba74ff6c31e537533dde59b5b20f69e74df49dff19d43be59785fa3
  optional: false
  category: main
  build: pyhd8ed1ab_0
  arch: aarch64
  subdir: osx-arm64
  build_number: 0
  license: Apache-2.0
  license_family: APACHE
  noarch: python
  size: 43939
  timestamp: 1682953467574
- name: rfc3986
  version: 2.0.0
  manager: conda
  platform: osx-arm64
  dependencies:
    python: '>=3.4'
  url: https://conda.anaconda.org/conda-forge/noarch/rfc3986-2.0.0-pyhd8ed1ab_0.tar.bz2
  hash:
    md5: d337886e38f965bf97aaec382ff6db00
    sha256: dd6bfb7c4248ba7612f2e6e4a066d6804ba96dfcaeddf43475a2c846ccfcc396
  optional: false
  category: main
  build: pyhd8ed1ab_0
  arch: aarch64
  subdir: osx-arm64
  build_number: 0
  license: Apache-2.0
  license_family: APACHE
  noarch: python
  size: 34075
  timestamp: 1641825125307
- name: rich
  version: 13.5.2
  manager: conda
  platform: osx-arm64
  dependencies:
    markdown-it-py: '>=2.2.0'
    pygments: '>=2.13.0,<3.0.0'
    python: '>=3.7.0'
    typing_extensions: '>=4.0.0,<5.0.0'
  url: https://conda.anaconda.org/conda-forge/noarch/rich-13.5.2-pyhd8ed1ab_2.conda
  hash:
    md5: e981154bfb54f621616cc8b2cbd79b29
    sha256: 0e9747bdf875270c8905e08125a9b642b603ca01b8a1acfba2959070325e4f55
  optional: false
  category: main
  build: pyhd8ed1ab_2
  arch: aarch64
  subdir: osx-arm64
  build_number: 2
  license: MIT
  license_family: MIT
  noarch: python
  size: 183895
  timestamp: 1694634232684
- name: tk
  version: 8.6.12
  manager: conda
  platform: osx-arm64
  dependencies:
    libzlib: '>=1.2.11,<1.3.0a0'
  url: https://conda.anaconda.org/conda-forge/osx-arm64/tk-8.6.12-he1e0b03_0.tar.bz2
  hash:
    md5: 2cb3d18eac154109107f093860bd545f
    sha256: 9e43ec80045892e28233e4ca4d974e09d5837392127702fb952f3935b5e985a4
  optional: false
  category: main
  build: he1e0b03_0
  arch: aarch64
  subdir: osx-arm64
  build_number: 0
  license: TCL
  license_family: BSD
  size: 3382710
  timestamp: 1645032642101
- name: tomli
  version: 2.0.1
  manager: conda
  platform: osx-arm64
  dependencies:
    python: '>=3.7'
  url: https://conda.anaconda.org/conda-forge/noarch/tomli-2.0.1-pyhd8ed1ab_0.tar.bz2
  hash:
    md5: 5844808ffab9ebdb694585b50ba02a96
    sha256: 4cd48aba7cd026d17e86886af48d0d2ebc67ed36f87f6534f4b67138f5a5a58f
  optional: false
  category: main
  build: pyhd8ed1ab_0
  arch: aarch64
  subdir: osx-arm64
  build_number: 0
  license: MIT
  license_family: MIT
  noarch: python
  size: 15940
  timestamp: 1644342331069
- name: twine
  version: 4.0.2
  manager: conda
  platform: osx-arm64
  dependencies:
    importlib_metadata: '>=3.6'
    keyring: '>=15.1'
    pkginfo: '>=1.8.1'
    python: '>=3.7'
    readme_renderer: '>=35.0'
    requests: '>=2.20'
    requests-toolbelt: '>=0.8.0,!=0.9.0'
    rfc3986: '>=1.4.0'
    rich: '>=12.0.0'
    urllib3: '>=1.26.0'
  url: https://conda.anaconda.org/conda-forge/noarch/twine-4.0.2-pyhd8ed1ab_0.conda
  hash:
    md5: e3a16168d6b9deefb8c1caa7943fb49e
    sha256: 3e0c4f23d6a7d71783095b715f56c9f5f26feefaa9f30e27793dd12dc28e76c9
  optional: false
  category: main
  build: pyhd8ed1ab_0
  arch: aarch64
  subdir: osx-arm64
  build_number: 0
  license: Apache-2.0
  license_family: Apache
  noarch: python
  size: 30903
  timestamp: 1669898686321
- name: typing_extensions
  version: 4.7.1
  manager: conda
  platform: osx-arm64
  dependencies:
    python: '>=3.7'
  url: https://conda.anaconda.org/conda-forge/noarch/typing_extensions-4.7.1-pyha770c72_0.conda
  hash:
    md5: c39d6a09fe819de4951c2642629d9115
    sha256: 6edd6d5be690be492712cb747b6d62707f0d0c34ef56eefc796d91e5a03187d1
  optional: false
  category: main
  build: pyha770c72_0
  arch: aarch64
  subdir: osx-arm64
  build_number: 0
  license: PSF-2.0
  license_family: PSF
  noarch: python
  size: 36321
  timestamp: 1688315719627
- name: tzdata
  version: 2023c
  manager: conda
  platform: osx-arm64
  dependencies: {}
  url: https://conda.anaconda.org/conda-forge/noarch/tzdata-2023c-h71feb2d_0.conda
  hash:
    md5: 939e3e74d8be4dac89ce83b20de2492a
    sha256: 0449138224adfa125b220154408419ec37c06b0b49f63c5954724325903ecf55
  optional: false
  category: main
  build: h71feb2d_0
  arch: aarch64
  subdir: osx-arm64
  build_number: 0
  license: LicenseRef-Public-Domain
  noarch: generic
  size: 117580
  timestamp: 1680041306008
- name: urllib3
  version: 2.0.4
  manager: conda
  platform: osx-arm64
  dependencies:
    brotli-python: '>=1.0.9'
    pysocks: '>=1.5.6,<2.0,!=1.5.7'
    python: '>=3.7'
  url: https://conda.anaconda.org/conda-forge/noarch/urllib3-2.0.4-pyhd8ed1ab_0.conda
  hash:
    md5: 18badd8fa3648d1beb1fcc7f2e0f756e
    sha256: 06a62b6bff8828161b9cd17dd394e47177f320ca5050f806bc7840f9519e8ea7
  optional: false
  category: main
  build: pyhd8ed1ab_0
  arch: aarch64
  subdir: osx-arm64
  build_number: 0
  license: MIT
  license_family: MIT
  noarch: python
  size: 98368
  timestamp: 1689789963646
- name: xz
  version: 5.2.6
  manager: conda
  platform: osx-arm64
  dependencies: {}
  url: https://conda.anaconda.org/conda-forge/osx-arm64/xz-5.2.6-h57fd34a_0.tar.bz2
  hash:
    md5: 39c6b54e94014701dd157f4f576ed211
    sha256: 59d78af0c3e071021cfe82dc40134c19dab8cdf804324b62940f5c8cd71803ec
  optional: false
  category: main
  build: h57fd34a_0
  arch: aarch64
  subdir: osx-arm64
  build_number: 0
  license: LGPL-2.1 and GPL-2.0
  size: 235693
  timestamp: 1660346961024
- name: zipp
  version: 3.16.2
  manager: conda
  platform: osx-arm64
  dependencies:
    python: '>=3.8'
  url: https://conda.anaconda.org/conda-forge/noarch/zipp-3.16.2-pyhd8ed1ab_0.conda
  hash:
    md5: 2da0451b54c4563c32490cb1b7cf68a1
    sha256: 16d72127e150a3d5cbdc0b82c4069ef5be135c64bc99e71e7928507910669b41
  optional: false
  category: main
  build: pyhd8ed1ab_0
  arch: aarch64
  subdir: osx-arm64
  build_number: 0
  license: MIT
  license_family: MIT
  noarch: python
  size: 18783
  timestamp: 1689374602448
version: 1
